
Microsoft Visual Studio Solution File, Format Version 12.00
# Visual Studio Version 16
VisualStudioVersion = 16.0.29025.244
MinimumVisualStudioVersion = 10.0.40219.1
Project("{FAE04EC0-301F-11D3-BF4B-00C04F79EFBC}") = "AVS.NetUtil", "AVS.NetUtil.csproj", "{0C00EDCB-4FC2-4AA9-A9B0-AD13D17EA8E7}"
EndProject
Global
	GlobalSection(SolutionConfigurationPlatforms) = preSolution
		Debug|Any CPU = Debug|Any CPU
		Release|Any CPU = Release|Any CPU
	EndGlobalSection
	GlobalSection(ProjectConfigurationPlatforms) = postSolution
		{0C00EDCB-4FC2-4AA9-A9B0-AD13D17EA8E7}.Debug|Any CPU.ActiveCfg = Debug|Any CPU
		{0C00EDCB-4FC2-4AA9-A9B0-AD13D17EA8E7}.Debug|Any CPU.Build.0 = Debug|Any CPU
		{0C00EDCB-4FC2-4AA9-A9B0-AD13D17EA8E7}.Release|Any CPU.ActiveCfg = Release|Any CPU
		{0C00EDCB-4FC2-4AA9-A9B0-AD13D17EA8E7}.Release|Any CPU.Build.0 = Release|Any CPU
	EndGlobalSection
	GlobalSection(SolutionProperties) = preSolution
		HideSolutionNode = FALSE
	EndGlobalSection
	GlobalSection(ExtensibilityGlobals) = postSolution
		SolutionGuid = {9627FF58-EEEC-4A79-BC68-4039EF83EBFB}
	EndGlobalSection
EndGlobal
